
Microsoft Visual Studio Solution File, Format Version 12.00
# Visual Studio 15
VisualStudioVersion = 15.0.26430.15
MinimumVisualStudioVersion = 10.0.40219.1
Project("{FAE04EC0-301F-11D3-BF4B-00C04F79EFBC}") = "MailgunAddressValidatorTests", "MailgunAddressValidatorTests\MailgunAddressValidatorTests.csproj", "{E94DA90A-9711-4DFA-9A73-74B1B6FED578}"
EndProject
Project("{FAE04EC0-301F-11D3-BF4B-00C04F79EFBC}") = "MailgunAddressValidator", "MailgunAddressValidator\MailgunAddressValidator.csproj", "{F2899242-FD1E-470A-BB53-52D1782AD1A9}"
EndProject
Global
	GlobalSection(SolutionConfigurationPlatforms) = preSolution
		Debug|Any CPU = Debug|Any CPU
		Release|Any CPU = Release|Any CPU
	EndGlobalSection
	GlobalSection(ProjectConfigurationPlatforms) = postSolution
		{E94DA90A-9711-4DFA-9A73-74B1B6FED578}.Debug|Any CPU.ActiveCfg = Debug|Any CPU
		{E94DA90A-9711-4DFA-9A73-74B1B6FED578}.Debug|Any CPU.Build.0 = Debug|Any CPU
		{E94DA90A-9711-4DFA-9A73-74B1B6FED578}.Release|Any CPU.ActiveCfg = Release|Any CPU
		{E94DA90A-9711-4DFA-9A73-74B1B6FED578}.Release|Any CPU.Build.0 = Release|Any CPU
		{F2899242-FD1E-470A-BB53-52D1782AD1A9}.Debug|Any CPU.ActiveCfg = Debug|Any CPU
		{F2899242-FD1E-470A-BB53-52D1782AD1A9}.Debug|Any CPU.Build.0 = Debug|Any CPU
		{F2899242-FD1E-470A-BB53-52D1782AD1A9}.Release|Any CPU.ActiveCfg = Release|Any CPU
		{F2899242-FD1E-470A-BB53-52D1782AD1A9}.Release|Any CPU.Build.0 = Release|Any CPU
	EndGlobalSection
	GlobalSection(SolutionProperties) = preSolution
		HideSolutionNode = FALSE
	EndGlobalSection
EndGlobal
